
Microsoft Visual Studio Solution File, Format Version 12.00
# Visual Studio 15
VisualStudioVersion = 15.0.28307.421
MinimumVisualStudioVersion = 10.0.40219.1
Project("{FAE04EC0-301F-11D3-BF4B-00C04F79EFBC}") = "Craps", "Craps\Craps.csproj", "{1BDB2EBA-0EED-4DDE-A518-66E1B35697DB}"
EndProject
Project("{FAE04EC0-301F-11D3-BF4B-00C04F79EFBC}") = "Craps_Test", "Craps_Test\Craps_Test.csproj", "{F1C89E5F-F4EF-4147-8389-6C31C2683C44}"
EndProject
Global
	GlobalSection(SolutionConfigurationPlatforms) = preSolution
		Debug|Any CPU = Debug|Any CPU
		Release|Any CPU = Release|Any CPU
	EndGlobalSection
	GlobalSection(ProjectConfigurationPlatforms) = postSolution
		{1BDB2EBA-0EED-4DDE-A518-66E1B35697DB}.Debug|Any CPU.ActiveCfg = Debug|Any CPU
		{1BDB2EBA-0EED-4DDE-A518-66E1B35697DB}.Debug|Any CPU.Build.0 = Debug|Any CPU
		{1BDB2EBA-0EED-4DDE-A518-66E1B35697DB}.Release|Any CPU.ActiveCfg = Release|Any CPU
		{1BDB2EBA-0EED-4DDE-A518-66E1B35697DB}.Release|Any CPU.Build.0 = Release|Any CPU
		{F1C89E5F-F4EF-4147-8389-6C31C2683C44}.Debug|Any CPU.ActiveCfg = Debug|Any CPU
		{F1C89E5F-F4EF-4147-8389-6C31C2683C44}.Debug|Any CPU.Build.0 = Debug|Any CPU
		{F1C89E5F-F4EF-4147-8389-6C31C2683C44}.Release|Any CPU.ActiveCfg = Release|Any CPU
		{F1C89E5F-F4EF-4147-8389-6C31C2683C44}.Release|Any CPU.Build.0 = Release|Any CPU
	EndGlobalSection
	GlobalSection(SolutionProperties) = preSolution
		HideSolutionNode = FALSE
	EndGlobalSection
	GlobalSection(ExtensibilityGlobals) = postSolution
		SolutionGuid = {FE7D0419-6870-41AF-AB90-D16F6DAA9A2A}
	EndGlobalSection
EndGlobal
